
Microsoft Visual Studio Solution File, Format Version 12.00
# Visual Studio 15
VisualStudioVersion = 15.0.27004.2005
MinimumVisualStudioVersion = 10.0.40219.1
Project("{FAE04EC0-301F-11D3-BF4B-00C04F79EFBC}") = "test_WPF_app", "test_WPF_app\test_WPF_app.csproj", "{CFF7BD77-692F-4C77-B17C-532D412D5A95}"
EndProject
Global
	GlobalSection(SolutionConfigurationPlatforms) = preSolution
		Debug|Any CPU = Debug|Any CPU
		Release|Any CPU = Release|Any CPU
	EndGlobalSection
	GlobalSection(ProjectConfigurationPlatforms) = postSolution
		{CFF7BD77-692F-4C77-B17C-532D412D5A95}.Debug|Any CPU.ActiveCfg = Debug|Any CPU
		{CFF7BD77-692F-4C77-B17C-532D412D5A95}.Debug|Any CPU.Build.0 = Debug|Any CPU
		{CFF7BD77-692F-4C77-B17C-532D412D5A95}.Release|Any CPU.ActiveCfg = Release|Any CPU
		{CFF7BD77-692F-4C77-B17C-532D412D5A95}.Release|Any CPU.Build.0 = Release|Any CPU
	EndGlobalSection
	GlobalSection(SolutionProperties) = preSolution
		HideSolutionNode = FALSE
	EndGlobalSection
	GlobalSection(ExtensibilityGlobals) = postSolution
		SolutionGuid = {526C5BE2-7DF9-451C-A301-4810F22D21A5}
	EndGlobalSection
EndGlobal
